{
  "name": "fusioncms-helper-js",
  "version": "0.0.5",
  "lockfileVersion": 2,
  "requires": true,
  "packages": {
    "": {
      "version": "0.0.5",
      "dependencies": {
        "axios": "^0.21.1",
        "flat": "^5.0.2",
        "query-string": "^7.0.1"
      },
      "bin": {
        "fusioncms-helper-js": "cli.js"
      }
    },
    "node_modules/axios": {
      "version": "0.21.4",
      "resolved": "https://registry.npmjs.org/axios/-/axios-0.21.4.tgz",
      "integrity": "sha512-ut5vewkiu8jjGBdqpM44XxjuCjq9LAKeHVmoVfHVzy8eHgxxq8SbAVQNovDA8mVi05kP0Ea/n/UzcSHcTJQfNg==",
      "dependencies": {
        "follow-redirects": "^1.14.0"
      }
    },
    "node_modules/decode-uri-component": {
      "version": "0.2.0",
      "resolved": "https://registry.npmjs.org/decode-uri-component/-/decode-uri-component-0.2.0.tgz",
      "integrity": "sha1-6zkTMzRYd1y4TNGh+uBiEGu4dUU=",
      "engines": {
        "node": ">=0.10"
      }
    },
    "node_modules/filter-obj": {
      "version": "1.1.0",
      "resolved": "https://registry.npmjs.org/filter-obj/-/filter-obj-1.1.0.tgz",
      "integrity": "sha1-mzERErxsYSehbgFsbF1/GeCAXFs=",
      "engines": {
        "node": ">=0.10.0"
      }
    },
    "node_modules/flat": {
      "version": "5.0.2",
      "resolved": "https://registry.npmjs.org/flat/-/flat-5.0.2.tgz",
      "integrity": "sha512-b6suED+5/3rTpUBdG1gupIl8MPFCAMA0QXwmljLhvCUKcUvdE4gWky9zpuGCcXHOsz4J9wPGNWq6OKpmIzz3hQ==",
      "bin": {
        "flat": "cli.js"
      }
    },
    "node_modules/follow-redirects": {
      "version": "1.15.0",
      "resolved": "https://registry.npmjs.org/follow-redirects/-/follow-redirects-1.15.0.tgz",
      "integrity": "sha512-aExlJShTV4qOUOL7yF1U5tvLCB0xQuudbf6toyYA0E/acBNw71mvjFTnLaRp50aQaYocMR0a/RMMBIHeZnGyjQ==",
      "funding": [
        {
          "type": "individual",
          "url": "https://github.com/sponsors/RubenVerborgh"
        }
      ],
      "engines": {
        "node": ">=4.0"
      },
      "peerDependenciesMeta": {
        "debug": {
          "optional": true
        }
      }
    },
    "node_modules/query-string": {
      "version": "7.1.1",
      "resolved": "https://registry.npmjs.org/query-string/-/query-string-7.1.1.tgz",
      "integrity": "sha512-MplouLRDHBZSG9z7fpuAAcI7aAYjDLhtsiVZsevsfaHWDS2IDdORKbSd1kWUA+V4zyva/HZoSfpwnYMMQDhb0w==",
      "dependencies": {
        "decode-uri-component": "^0.2.0",
        "filter-obj": "^1.1.0",
        "split-on-first": "^1.0.0",
        "strict-uri-encode": "^2.0.0"
      },
      "engines": {
        "node": ">=6"
      },
      "funding": {
        "url": "https://github.com/sponsors/sindresorhus"
      }
    },
    "node_modules/split-on-first": {
      "version": "1.1.0",
      "resolved": "https://registry.npmjs.org/split-on-first/-/split-on-first-1.1.0.tgz",
      "integrity": "sha512-43ZssAJaMusuKWL8sKUBQXHWOpq8d6CfN/u1p4gUzfJkM05C8rxTmYrkIPTXapZpORA6LkkzcUulJ8FqA7Uudw==",
      "engines": {
        "node": ">=6"
      }
    },
    "node_modules/strict-uri-encode": {
      "version": "2.0.0",
      "resolved": "https://registry.npmjs.org/strict-uri-encode/-/strict-uri-encode-2.0.0.tgz",
      "integrity": "sha1-ucczDHBChi9rFC3CdLvMWGbONUY=",
      "engines": {
        "node": ">=4"
      }
    }
  },
  "dependencies": {
    "axios": {
      "version": "0.21.4",
      "resolved": "https://registry.npmjs.org/axios/-/axios-0.21.4.tgz",
      "integrity": "sha512-ut5vewkiu8jjGBdqpM44XxjuCjq9LAKeHVmoVfHVzy8eHgxxq8SbAVQNovDA8mVi05kP0Ea/n/UzcSHcTJQfNg==",
      "requires": {
        "follow-redirects": "^1.14.0"
      }
    },
    "decode-uri-component": {
      "version": "0.2.0",
      "resolved": "https://registry.npmjs.org/decode-uri-component/-/decode-uri-component-0.2.0.tgz",
      "integrity": "sha1-6zkTMzRYd1y4TNGh+uBiEGu4dUU="
    },
    "filter-obj": {
      "version": "1.1.0",
      "resolved": "https://registry.npmjs.org/filter-obj/-/filter-obj-1.1.0.tgz",
      "integrity": "sha1-mzERErxsYSehbgFsbF1/GeCAXFs="
    },
    "flat": {
      "version": "5.0.2",
      "resolved": "https://registry.npmjs.org/flat/-/flat-5.0.2.tgz",
      "integrity": "sha512-b6suED+5/3rTpUBdG1gupIl8MPFCAMA0QXwmljLhvCUKcUvdE4gWky9zpuGCcXHOsz4J9wPGNWq6OKpmIzz3hQ=="
    },
    "follow-redirects": {
      "version": "1.15.0",
      "resolved": "https://registry.npmjs.org/follow-redirects/-/follow-redirects-1.15.0.tgz",
      "integrity": "sha512-aExlJShTV4qOUOL7yF1U5tvLCB0xQuudbf6toyYA0E/acBNw71mvjFTnLaRp50aQaYocMR0a/RMMBIHeZnGyjQ=="
    },
    "query-string": {
      "version": "7.1.1",
      "resolved": "https://registry.npmjs.org/query-string/-/query-string-7.1.1.tgz",
      "integrity": "sha512-MplouLRDHBZSG9z7fpuAAcI7aAYjDLhtsiVZsevsfaHWDS2IDdORKbSd1kWUA+V4zyva/HZoSfpwnYMMQDhb0w==",
      "requires": {
        "decode-uri-component": "^0.2.0",
        "filter-obj": "^1.1.0",
        "split-on-first": "^1.0.0",
        "strict-uri-encode": "^2.0.0"
      }
    },
    "split-on-first": {
      "version": "1.1.0",
      "resolved": "https://registry.npmjs.org/split-on-first/-/split-on-first-1.1.0.tgz",
      "integrity": "sha512-43ZssAJaMusuKWL8sKUBQXHWOpq8d6CfN/u1p4gUzfJkM05C8rxTmYrkIPTXapZpORA6LkkzcUulJ8FqA7Uudw=="
    },
    "strict-uri-encode": {
      "version": "2.0.0",
      "resolved": "https://registry.npmjs.org/strict-uri-encode/-/strict-uri-encode-2.0.0.tgz",
      "integrity": "sha1-ucczDHBChi9rFC3CdLvMWGbONUY="
    }
  }
}
